
Microsoft Visual Studio Solution File, Format Version 12.00
# Visual Studio Version 17
VisualStudioVersion = 17.0.31903.59
MinimumVisualStudioVersion = 10.0.40219.1
Project("{2150E333-8FDC-42A3-9474-1A3956D46DE8}") = "src", "src", "{827E0CD3-B72D-47B6-A68D-7590B98EB39B}"
EndProject
Project("{FAE04EC0-301F-11D3-BF4B-00C04F79EFBC}") = "NeyraOptimizer.Domain", "src\NeyraOptimizer.Domain\NeyraOptimizer.Domain.csproj", "{5E853184-9E2A-4A62-BBC5-64EAB98E9200}"
EndProject
Project("{FAE04EC0-301F-11D3-BF4B-00C04F79EFBC}") = "NeyraOptimizer.Infrastructure", "src\NeyraOptimizer.Infrastructure\NeyraOptimizer.Infrastructure.csproj", "{59293D70-738F-49ED-BC99-EBE56669DE9A}"
EndProject
Project("{FAE04EC0-301F-11D3-BF4B-00C04F79EFBC}") = "NeyraOptimizer.Security", "src\NeyraOptimizer.Security\NeyraOptimizer.Security.csproj", "{CBFA6C60-142A-4C6C-B847-5E84C4F40921}"
EndProject
Project("{FAE04EC0-301F-11D3-BF4B-00C04F79EFBC}") = "NeyraOptimizer.Windows", "src\NeyraOptimizer.Windows\NeyraOptimizer.Windows.csproj", "{2451356D-4B5A-432E-AF0B-7D454BB409D9}"
EndProject
Project("{FAE04EC0-301F-11D3-BF4B-00C04F79EFBC}") = "NeyraOptimizer.Diagnostics", "src\NeyraOptimizer.Diagnostics\NeyraOptimizer.Diagnostics.csproj", "{415DBFA9-BD37-41A2-B971-00D0CC89E671}"
EndProject
Project("{FAE04EC0-301F-11D3-BF4B-00C04F79EFBC}") = "NeyraOptimizer.Optimization", "src\NeyraOptimizer.Optimization\NeyraOptimizer.Optimization.csproj", "{CA8A7C2B-0D92-4306-9424-E6B247441BA4}"
EndProject
Project("{FAE04EC0-301F-11D3-BF4B-00C04F79EFBC}") = "NeyraOptimizer.Application", "src\NeyraOptimizer.Application\NeyraOptimizer.Application.csproj", "{0F4D00D7-CA94-48DF-9DA8-2FC32F231EE5}"
EndProject
Project("{FAE04EC0-301F-11D3-BF4B-00C04F79EFBC}") = "NeyraOptimizer.App", "src\NeyraOptimizer.App\NeyraOptimizer.App.csproj", "{7592285B-34CB-4C28-BE0B-22F7BB2384A6}"
EndProject
Project("{2150E333-8FDC-42A3-9474-1A3956D46DE8}") = "tests", "tests", "{0AB3BF05-4346-4AA6-1389-037BE0695223}"
EndProject
Project("{FAE04EC0-301F-11D3-BF4B-00C04F79EFBC}") = "NeyraOptimizer.Tests", "tests\NeyraOptimizer.Tests\NeyraOptimizer.Tests.csproj", "{1857FD5B-B07B-43F0-A2DB-99701B915597}"
EndProject
Global
	GlobalSection(SolutionConfigurationPlatforms) = preSolution
		Debug|Any CPU = Debug|Any CPU
		Debug|x64 = Debug|x64
		Debug|x86 = Debug|x86
		Release|Any CPU = Release|Any CPU
		Release|x64 = Release|x64
		Release|x86 = Release|x86
	EndGlobalSection
	GlobalSection(ProjectConfigurationPlatforms) = postSolution
		{5E853184-9E2A-4A62-BBC5-64EAB98E9200}.Debug|Any CPU.ActiveCfg = Debug|Any CPU
		{5E853184-9E2A-4A62-BBC5-64EAB98E9200}.Debug|Any CPU.Build.0 = Debug|Any CPU
		{5E853184-9E2A-4A62-BBC5-64EAB98E9200}.Debug|x64.ActiveCfg = Debug|Any CPU
		{5E853184-9E2A-4A62-BBC5-64EAB98E9200}.Debug|x64.Build.0 = Debug|Any CPU
		{5E853184-9E2A-4A62-BBC5-64EAB98E9200}.Debug|x86.ActiveCfg = Debug|Any CPU
		{5E853184-9E2A-4A62-BBC5-64EAB98E9200}.Debug|x86.Build.0 = Debug|Any CPU
		{5E853184-9E2A-4A62-BBC5-64EAB98E9200}.Release|Any CPU.ActiveCfg = Release|Any CPU
		{5E853184-9E2A-4A62-BBC5-64EAB98E9200}.Release|Any CPU.Build.0 = Release|Any CPU
		{5E853184-9E2A-4A62-BBC5-64EAB98E9200}.Release|x64.ActiveCfg = Release|Any CPU
		{5E853184-9E2A-4A62-BBC5-64EAB98E9200}.Release|x64.Build.0 = Release|Any CPU
		{5E853184-9E2A-4A62-BBC5-64EAB98E9200}.Release|x86.ActiveCfg = Release|Any CPU
		{5E853184-9E2A-4A62-BBC5-64EAB98E9200}.Release|x86.Build.0 = Release|Any CPU
		{59293D70-738F-49ED-BC99-EBE56669DE9A}.Debug|Any CPU.ActiveCfg = Debug|Any CPU
		{59293D70-738F-49ED-BC99-EBE56669DE9A}.Debug|Any CPU.Build.0 = Debug|Any CPU
		{59293D70-738F-49ED-BC99-EBE56669DE9A}.Debug|x64.ActiveCfg = Debug|Any CPU
		{59293D70-738F-49ED-BC99-EBE56669DE9A}.Debug|x64.Build.0 = Debug|Any CPU
		{59293D70-738F-49ED-BC99-EBE56669DE9A}.Debug|x86.ActiveCfg = Debug|Any CPU
		{59293D70-738F-49ED-BC99-EBE56669DE9A}.Debug|x86.Build.0 = Debug|Any CPU
		{59293D70-738F-49ED-BC99-EBE56669DE9A}.Release|Any CPU.ActiveCfg = Release|Any CPU
		{59293D70-738F-49ED-BC99-EBE56669DE9A}.Release|Any CPU.Build.0 = Release|Any CPU
		{59293D70-738F-49ED-BC99-EBE56669DE9A}.Release|x64.ActiveCfg = Release|Any CPU
		{59293D70-738F-49ED-BC99-EBE56669DE9A}.Release|x64.Build.0 = Release|Any CPU
		{59293D70-738F-49ED-BC99-EBE56669DE9A}.Release|x86.ActiveCfg = Release|Any CPU
		{59293D70-738F-49ED-BC99-EBE56669DE9A}.Release|x86.Build.0 = Release|Any CPU
		{CBFA6C60-142A-4C6C-B847-5E84C4F40921}.Debug|Any CPU.ActiveCfg = Debug|Any CPU
		{CBFA6C60-142A-4C6C-B847-5E84C4F40921}.Debug|Any CPU.Build.0 = Debug|Any CPU
		{CBFA6C60-142A-4C6C-B847-5E84C4F40921}.Debug|x64.ActiveCfg = Debug|Any CPU
		{CBFA6C60-142A-4C6C-B847-5E84C4F40921}.Debug|x64.Build.0 = Debug|Any CPU
		{CBFA6C60-142A-4C6C-B847-5E84C4F40921}.Debug|x86.ActiveCfg = Debug|Any CPU
		{CBFA6C60-142A-4C6C-B847-5E84C4F40921}.Debug|x86.Build.0 = Debug|Any CPU
		{CBFA6C60-142A-4C6C-B847-5E84C4F40921}.Release|Any CPU.ActiveCfg = Release|Any CPU
		{CBFA6C60-142A-4C6C-B847-5E84C4F40921}.Release|Any CPU.Build.0 = Release|Any CPU
		{CBFA6C60-142A-4C6C-B847-5E84C4F40921}.Release|x64.ActiveCfg = Release|Any CPU
		{CBFA6C60-142A-4C6C-B847-5E84C4F40921}.Release|x64.Build.0 = Release|Any CPU
		{CBFA6C60-142A-4C6C-B847-5E84C4F40921}.Release|x86.ActiveCfg = Release|Any CPU
		{CBFA6C60-142A-4C6C-B847-5E84C4F40921}.Release|x86.Build.0 = Release|Any CPU
		{2451356D-4B5A-432E-AF0B-7D454BB409D9}.Debug|Any CPU.ActiveCfg = Debug|Any CPU
		{2451356D-4B5A-432E-AF0B-7D454BB409D9}.Debug|Any CPU.Build.0 = Debug|Any CPU
		{2451356D-4B5A-432E-AF0B-7D454BB409D9}.Debug|x64.ActiveCfg = Debug|Any CPU
		{2451356D-4B5A-432E-AF0B-7D454BB409D9}.Debug|x64.Build.0 = Debug|Any CPU
		{2451356D-4B5A-432E-AF0B-7D454BB409D9}.Debug|x86.ActiveCfg = Debug|Any CPU
		{2451356D-4B5A-432E-AF0B-7D454BB409D9}.Debug|x86.Build.0 = Debug|Any CPU
		{2451356D-4B5A-432E-AF0B-7D454BB409D9}.Release|Any CPU.ActiveCfg = Release|Any CPU
		{2451356D-4B5A-432E-AF0B-7D454BB409D9}.Release|Any CPU.Build.0 = Release|Any CPU
		{2451356D-4B5A-432E-AF0B-7D454BB409D9}.Release|x64.ActiveCfg = Release|Any CPU
		{2451356D-4B5A-432E-AF0B-7D454BB409D9}.Release|x64.Build.0 = Release|Any CPU
		{2451356D-4B5A-432E-AF0B-7D454BB409D9}.Release|x86.ActiveCfg = Release|Any CPU
		{2451356D-4B5A-432E-AF0B-7D454BB409D9}.Release|x86.Build.0 = Release|Any CPU
		{415DBFA9-BD37-41A2-B971-00D0CC89E671}.Debug|Any CPU.ActiveCfg = Debug|Any CPU
		{415DBFA9-BD37-41A2-B971-00D0CC89E671}.Debug|Any CPU.Build.0 = Debug|Any CPU
		{415DBFA9-BD37-41A2-B971-00D0CC89E671}.Debug|x64.ActiveCfg = Debug|Any CPU
		{415DBFA9-BD37-41A2-B971-00D0CC89E671}.Debug|x64.Build.0 = Debug|Any CPU
		{415DBFA9-BD37-41A2-B971-00D0CC89E671}.Debug|x86.ActiveCfg = Debug|Any CPU
		{415DBFA9-BD37-41A2-B971-00D0CC89E671}.Debug|x86.Build.0 = Debug|Any CPU
		{415DBFA9-BD37-41A2-B971-00D0CC89E671}.Release|Any CPU.ActiveCfg = Release|Any CPU
		{415DBFA9-BD37-41A2-B971-00D0CC89E671}.Release|Any CPU.Build.0 = Release|Any CPU
		{415DBFA9-BD37-41A2-B971-00D0CC89E671}.Release|x64.ActiveCfg = Release|Any CPU
		{415DBFA9-BD37-41A2-B971-00D0CC89E671}.Release|x64.Build.0 = Release|Any CPU
		{415DBFA9-BD37-41A2-B971-00D0CC89E671}.Release|x86.ActiveCfg = Release|Any CPU
		{415DBFA9-BD37-41A2-B971-00D0CC89E671}.Release|x86.Build.0 = Release|Any CPU
		{CA8A7C2B-0D92-4306-9424-E6B247441BA4}.Debug|Any CPU.ActiveCfg = Debug|Any CPU
		{CA8A7C2B-0D92-4306-9424-E6B247441BA4}.Debug|Any CPU.Build.0 = Debug|Any CPU
		{CA8A7C2B-0D92-4306-9424-E6B247441BA4}.Debug|x64.ActiveCfg = Debug|Any CPU
		{CA8A7C2B-0D92-4306-9424-E6B247441BA4}.Debug|x64.Build.0 = Debug|Any CPU
		{CA8A7C2B-0D92-4306-9424-E6B247441BA4}.Debug|x86.ActiveCfg = Debug|Any CPU
		{CA8A7C2B-0D92-4306-9424-E6B247441BA4}.Debug|x86.Build.0 = Debug|Any CPU
		{CA8A7C2B-0D92-4306-9424-E6B247441BA4}.Release|Any CPU.ActiveCfg = Release|Any CPU
		{CA8A7C2B-0D92-4306-9424-E6B247441BA4}.Release|Any CPU.Build.0 = Release|Any CPU
		{CA8A7C2B-0D92-4306-9424-E6B247441BA4}.Release|x64.ActiveCfg = Release|Any CPU
		{CA8A7C2B-0D92-4306-9424-E6B247441BA4}.Release|x64.Build.0 = Release|Any CPU
		{CA8A7C2B-0D92-4306-9424-E6B247441BA4}.Release|x86.ActiveCfg = Release|Any CPU
		{CA8A7C2B-0D92-4306-9424-E6B247441BA4}.Release|x86.Build.0 = Release|Any CPU
		{0F4D00D7-CA94-48DF-9DA8-2FC32F231EE5}.Debug|Any CPU.ActiveCfg = Debug|Any CPU
		{0F4D00D7-CA94-48DF-9DA8-2FC32F231EE5}.Debug|Any CPU.Build.0 = Debug|Any CPU
		{0F4D00D7-CA94-48DF-9DA8-2FC32F231EE5}.Debug|x64.ActiveCfg = Debug|Any CPU
		{0F4D00D7-CA94-48DF-9DA8-2FC32F231EE5}.Debug|x64.Build.0 = Debug|Any CPU
		{0F4D00D7-CA94-48DF-9DA8-2FC32F231EE5}.Debug|x86.ActiveCfg = Debug|Any CPU
		{0F4D00D7-CA94-48DF-9DA8-2FC32F231EE5}.Debug|x86.Build.0 = Debug|Any CPU
		{0F4D00D7-CA94-48DF-9DA8-2FC32F231EE5}.Release|Any CPU.ActiveCfg = Release|Any CPU
		{0F4D00D7-CA94-48DF-9DA8-2FC32F231EE5}.Release|Any CPU.Build.0 = Release|Any CPU
		{0F4D00D7-CA94-48DF-9DA8-2FC32F231EE5}.Release|x64.ActiveCfg = Release|Any CPU
		{0F4D00D7-CA94-48DF-9DA8-2FC32F231EE5}.Release|x64.Build.0 = Release|Any CPU
		{0F4D00D7-CA94-48DF-9DA8-2FC32F231EE5}.Release|x86.ActiveCfg = Release|Any CPU
		{0F4D00D7-CA94-48DF-9DA8-2FC32F231EE5}.Release|x86.Build.0 = Release|Any CPU
		{7592285B-34CB-4C28-BE0B-22F7BB2384A6}.Debug|Any CPU.ActiveCfg = Debug|Any CPU
		{7592285B-34CB-4C28-BE0B-22F7BB2384A6}.Debug|Any CPU.Build.0 = Debug|Any CPU
		{7592285B-34CB-4C28-BE0B-22F7BB2384A6}.Debug|x64.ActiveCfg = Debug|Any CPU
		{7592285B-34CB-4C28-BE0B-22F7BB2384A6}.Debug|x64.Build.0 = Debug|Any CPU
		{7592285B-34CB-4C28-BE0B-22F7BB2384A6}.Debug|x86.ActiveCfg = Debug|Any CPU
		{7592285B-34CB-4C28-BE0B-22F7BB2384A6}.Debug|x86.Build.0 = Debug|Any CPU
		{7592285B-34CB-4C28-BE0B-22F7BB2384A6}.Release|Any CPU.ActiveCfg = Release|Any CPU
		{7592285B-34CB-4C28-BE0B-22F7BB2384A6}.Release|Any CPU.Build.0 = Release|Any CPU
		{7592285B-34CB-4C28-BE0B-22F7BB2384A6}.Release|x64.ActiveCfg = Release|Any CPU
		{7592285B-34CB-4C28-BE0B-22F7BB2384A6}.Release|x64.Build.0 = Release|Any CPU
		{7592285B-34CB-4C28-BE0B-22F7BB2384A6}.Release|x86.ActiveCfg = Release|Any CPU
		{7592285B-34CB-4C28-BE0B-22F7BB2384A6}.Release|x86.Build.0 = Release|Any CPU
		{1857FD5B-B07B-43F0-A2DB-99701B915597}.Debug|Any CPU.ActiveCfg = Debug|Any CPU
		{1857FD5B-B07B-43F0-A2DB-99701B915597}.Debug|Any CPU.Build.0 = Debug|Any CPU
		{1857FD5B-B07B-43F0-A2DB-99701B915597}.Debug|x64.ActiveCfg = Debug|Any CPU
		{1857FD5B-B07B-43F0-A2DB-99701B915597}.Debug|x64.Build.0 = Debug|Any CPU
		{1857FD5B-B07B-43F0-A2DB-99701B915597}.Debug|x86.ActiveCfg = Debug|Any CPU
		{1857FD5B-B07B-43F0-A2DB-99701B915597}.Debug|x86.Build.0 = Debug|Any CPU
		{1857FD5B-B07B-43F0-A2DB-99701B915597}.Release|Any CPU.ActiveCfg = Release|Any CPU
		{1857FD5B-B07B-43F0-A2DB-99701B915597}.Release|Any CPU.Build.0 = Release|Any CPU
		{1857FD5B-B07B-43F0-A2DB-99701B915597}.Release|x64.ActiveCfg = Release|Any CPU
		{1857FD5B-B07B-43F0-A2DB-99701B915597}.Release|x64.Build.0 = Release|Any CPU
		{1857FD5B-B07B-43F0-A2DB-99701B915597}.Release|x86.ActiveCfg = Release|Any CPU
		{1857FD5B-B07B-43F0-A2DB-99701B915597}.Release|x86.Build.0 = Release|Any CPU
	EndGlobalSection
	GlobalSection(SolutionProperties) = preSolution
		HideSolutionNode = FALSE
	EndGlobalSection
	GlobalSection(NestedProjects) = preSolution
		{5E853184-9E2A-4A62-BBC5-64EAB98E9200} = {827E0CD3-B72D-47B6-A68D-7590B98EB39B}
		{59293D70-738F-49ED-BC99-EBE56669DE9A} = {827E0CD3-B72D-47B6-A68D-7590B98EB39B}
		{CBFA6C60-142A-4C6C-B847-5E84C4F40921} = {827E0CD3-B72D-47B6-A68D-7590B98EB39B}
		{2451356D-4B5A-432E-AF0B-7D454BB409D9} = {827E0CD3-B72D-47B6-A68D-7590B98EB39B}
		{415DBFA9-BD37-41A2-B971-00D0CC89E671} = {827E0CD3-B72D-47B6-A68D-7590B98EB39B}
		{CA8A7C2B-0D92-4306-9424-E6B247441BA4} = {827E0CD3-B72D-47B6-A68D-7590B98EB39B}
		{0F4D00D7-CA94-48DF-9DA8-2FC32F231EE5} = {827E0CD3-B72D-47B6-A68D-7590B98EB39B}
		{7592285B-34CB-4C28-BE0B-22F7BB2384A6} = {827E0CD3-B72D-47B6-A68D-7590B98EB39B}
		{1857FD5B-B07B-43F0-A2DB-99701B915597} = {0AB3BF05-4346-4AA6-1389-037BE0695223}
	EndGlobalSection
EndGlobal
